
Microsoft Visual Studio Solution File, Format Version 12.00
# Visual Studio Version 17
VisualStudioVersion = 17.14.36203.30 d17.14
MinimumVisualStudioVersion = 10.0.40219.1
Project("{FAE04EC0-301F-11D3-BF4B-00C04F79EFBC}") = "CircleApp", "CircleApp\CircleApp.csproj", "{2A0F5503-4995-47FD-91EC-7CD5637833A7}"
EndProject
Global
	GlobalSection(SolutionConfigurationPlatforms) = preSolution
		Debug|Any CPU = Debug|Any CPU
		Release|Any CPU = Release|Any CPU
	EndGlobalSection
	GlobalSection(ProjectConfigurationPlatforms) = postSolution
		{2A0F5503-4995-47FD-91EC-7CD5637833A7}.Debug|Any CPU.ActiveCfg = Debug|Any CPU
		{2A0F5503-4995-47FD-91EC-7CD5637833A7}.Debug|Any CPU.Build.0 = Debug|Any CPU
		{2A0F5503-4995-47FD-91EC-7CD5637833A7}.Release|Any CPU.ActiveCfg = Release|Any CPU
		{2A0F5503-4995-47FD-91EC-7CD5637833A7}.Release|Any CPU.Build.0 = Release|Any CPU
	EndGlobalSection
	GlobalSection(SolutionProperties) = preSolution
		HideSolutionNode = FALSE
	EndGlobalSection
	GlobalSection(ExtensibilityGlobals) = postSolution
		SolutionGuid = {62616937-1036-4794-979E-784121B1DE01}
	EndGlobalSection
EndGlobal
